
Microsoft Visual Studio Solution File, Format Version 12.00
# Visual Studio Version 17
VisualStudioVersion = 17.4.33205.214
MinimumVisualStudioVersion = 10.0.40219.1
Project("{9A19103F-16F7-4668-BE54-9A1E7A4F7556}") = "NathansStuffWebApi", "BackEnd\NathansStuffWebApi.csproj", "{768714E4-FC28-4CF9-9409-FC41BBEB31AA}"
EndProject
Global
	GlobalSection(SolutionConfigurationPlatforms) = preSolution
		Debug|Any CPU = Debug|Any CPU
		Release|Any CPU = Release|Any CPU
	EndGlobalSection
	GlobalSection(ProjectConfigurationPlatforms) = postSolution
		{768714E4-FC28-4CF9-9409-FC41BBEB31AA}.Debug|Any CPU.ActiveCfg = Debug|Any CPU
		{768714E4-FC28-4CF9-9409-FC41BBEB31AA}.Debug|Any CPU.Build.0 = Debug|Any CPU
		{768714E4-FC28-4CF9-9409-FC41BBEB31AA}.Release|Any CPU.ActiveCfg = Release|Any CPU
		{768714E4-FC28-4CF9-9409-FC41BBEB31AA}.Release|Any CPU.Build.0 = Release|Any CPU
	EndGlobalSection
	GlobalSection(SolutionProperties) = preSolution
		HideSolutionNode = FALSE
	EndGlobalSection
	GlobalSection(ExtensibilityGlobals) = postSolution
		SolutionGuid = {2F933F33-D30E-4D18-A219-6348E0B613B7}
	EndGlobalSection
EndGlobal
